
Microsoft Visual Studio Solution File, Format Version 12.00
# Visual Studio 15
VisualStudioVersion = 15.0.28307.136
MinimumVisualStudioVersion = 10.0.40219.1
Project("{FAE04EC0-301F-11D3-BF4B-00C04F79EFBC}") = "proje", "proje\proje.csproj", "{0FE6D695-06CA-44E6-8AA2-04A57A7FC709}"
EndProject
Global
	GlobalSection(SolutionConfigurationPlatforms) = preSolution
		Debug|Any CPU = Debug|Any CPU
		Release|Any CPU = Release|Any CPU
	EndGlobalSection
	GlobalSection(ProjectConfigurationPlatforms) = postSolution
		{0FE6D695-06CA-44E6-8AA2-04A57A7FC709}.Debug|Any CPU.ActiveCfg = Debug|Any CPU
		{0FE6D695-06CA-44E6-8AA2-04A57A7FC709}.Debug|Any CPU.Build.0 = Debug|Any CPU
		{0FE6D695-06CA-44E6-8AA2-04A57A7FC709}.Release|Any CPU.ActiveCfg = Release|Any CPU
		{0FE6D695-06CA-44E6-8AA2-04A57A7FC709}.Release|Any CPU.Build.0 = Release|Any CPU
	EndGlobalSection
	GlobalSection(SolutionProperties) = preSolution
		HideSolutionNode = FALSE
	EndGlobalSection
	GlobalSection(ExtensibilityGlobals) = postSolution
		SolutionGuid = {AA5382C3-631D-4C6F-86B0-B365BB7A687F}
	EndGlobalSection
EndGlobal
